{
  "name": "website-base-client",
  "version": "1.0.0",
  "lockfileVersion": 3,
  "requires": true,
  "packages": {
    "": {
      "name": "website-base-client",
      "version": "1.0.0",
      "license": "MIT",
      "dependencies": {
        "website-base-shared": "file:../shared"
      }
    },
    "../shared": {
      "name": "website-base-shared",
      "version": "1.0.0",
      "license": "MIT"
    },
    "node_modules/website-base-shared": {
      "resolved": "../shared",
      "link": true
    }
  }
}
